
Microsoft Visual Studio Solution File, Format Version 12.00
# Visual Studio 15
VisualStudioVersion = 15.0.28307.572
MinimumVisualStudioVersion = 10.0.40219.1
Project("{9A19103F-16F7-4668-BE54-9A1E7A4F7556}") = "DockerDemoAPI", "DockerDemoAPI\DockerDemoAPI.csproj", "{D43F94E1-904A-4FB5-8336-9731B63A7E2E}"
EndProject
Global
	GlobalSection(SolutionConfigurationPlatforms) = preSolution
		Debug|Any CPU = Debug|Any CPU
		Release|Any CPU = Release|Any CPU
	EndGlobalSection
	GlobalSection(ProjectConfigurationPlatforms) = postSolution
		{D43F94E1-904A-4FB5-8336-9731B63A7E2E}.Debug|Any CPU.ActiveCfg = Debug|Any CPU
		{D43F94E1-904A-4FB5-8336-9731B63A7E2E}.Debug|Any CPU.Build.0 = Debug|Any CPU
		{D43F94E1-904A-4FB5-8336-9731B63A7E2E}.Release|Any CPU.ActiveCfg = Release|Any CPU
		{D43F94E1-904A-4FB5-8336-9731B63A7E2E}.Release|Any CPU.Build.0 = Release|Any CPU
	EndGlobalSection
	GlobalSection(SolutionProperties) = preSolution
		HideSolutionNode = FALSE
	EndGlobalSection
	GlobalSection(ExtensibilityGlobals) = postSolution
		SolutionGuid = {68BD01B6-812F-4BC1-B177-B061591232F7}
	EndGlobalSection
EndGlobal
