
Microsoft Visual Studio Solution File, Format Version 12.00
# Visual Studio Version 16
VisualStudioVersion = 16.0.29215.179
MinimumVisualStudioVersion = 10.0.40219.1
Project("{FAE04EC0-301F-11D3-BF4B-00C04F79EFBC}") = "MyApi.Web", "MyApi.Web\MyApi.Web.csproj", "{D1468A9D-D9AF-4438-9165-F6F2FB97B1B9}"
EndProject
Global
	GlobalSection(SolutionConfigurationPlatforms) = preSolution
		Debug|Any CPU = Debug|Any CPU
		Release|Any CPU = Release|Any CPU
	EndGlobalSection
	GlobalSection(ProjectConfigurationPlatforms) = postSolution
		{D1468A9D-D9AF-4438-9165-F6F2FB97B1B9}.Debug|Any CPU.ActiveCfg = Debug|Any CPU
		{D1468A9D-D9AF-4438-9165-F6F2FB97B1B9}.Debug|Any CPU.Build.0 = Debug|Any CPU
		{D1468A9D-D9AF-4438-9165-F6F2FB97B1B9}.Release|Any CPU.ActiveCfg = Release|Any CPU
		{D1468A9D-D9AF-4438-9165-F6F2FB97B1B9}.Release|Any CPU.Build.0 = Release|Any CPU
	EndGlobalSection
	GlobalSection(SolutionProperties) = preSolution
		HideSolutionNode = FALSE
	EndGlobalSection
	GlobalSection(ExtensibilityGlobals) = postSolution
		SolutionGuid = {07F09B82-E298-4608-88E1-764D64A57C30}
	EndGlobalSection
EndGlobal
